
Microsoft Visual Studio Solution File, Format Version 12.00
# Visual Studio Version 16
VisualStudioVersion = 16.0.29519.181
MinimumVisualStudioVersion = 10.0.40219.1
Project("{FAE04EC0-301F-11D3-BF4B-00C04F79EFBC}") = "TestingCoe800", "TestingCoe800\TestingCoe800.csproj", "{8C263F6B-4215-42D1-8FB5-1276E66233FE}"
EndProject
Global
	GlobalSection(SolutionConfigurationPlatforms) = preSolution
		Debug|Any CPU = Debug|Any CPU
		Release|Any CPU = Release|Any CPU
	EndGlobalSection
	GlobalSection(ProjectConfigurationPlatforms) = postSolution
		{8C263F6B-4215-42D1-8FB5-1276E66233FE}.Debug|Any CPU.ActiveCfg = Debug|Any CPU
		{8C263F6B-4215-42D1-8FB5-1276E66233FE}.Debug|Any CPU.Build.0 = Debug|Any CPU
		{8C263F6B-4215-42D1-8FB5-1276E66233FE}.Release|Any CPU.ActiveCfg = Release|Any CPU
		{8C263F6B-4215-42D1-8FB5-1276E66233FE}.Release|Any CPU.Build.0 = Release|Any CPU
	EndGlobalSection
	GlobalSection(SolutionProperties) = preSolution
		HideSolutionNode = FALSE
	EndGlobalSection
	GlobalSection(ExtensibilityGlobals) = postSolution
		SolutionGuid = {493E96BD-643D-4A61-BBE5-FADAC82491BE}
	EndGlobalSection
EndGlobal
